github.com/gorilla/websocket v1.5.0 h1:PPwGk2jz7EePpoHN/+ClbZu8SPxiqlu12wZP/3sWmnc=
github.com/gorilla/websocket v1.5.0/go.mod h1:YR8l580nyteQvAITg2hZ9XVh4b55+EU/adAjf1fMHhE=
github.com/phf/go-queue v0.0.0-20170504031614-9abe38d0371d h1:U+PMnTlV2tu7RuMK5etusZG3Cf+rpow5hqQByeCzJ2g=
github.com/phf/go-queue v0.0.0-20170504031614-9abe38d0371d/go.mod h1:lXfE4PvvTW5xOjO6Mba8zDPyw8M93B6AQ7frTGnMlA8=
